
Microsoft Visual Studio Solution File, Format Version 12.00
# Visual Studio Version 16
VisualStudioVersion = 16.0.30717.126
MinimumVisualStudioVersion = 10.0.40219.1
Project("{FAE04EC0-301F-11D3-BF4B-00C04F79EFBC}") = "Test2", "Test2.csproj", "{3298532F-BB1B-4A53-A479-62987746BBCF}"
EndProject
Project("{FAE04EC0-301F-11D3-BF4B-00C04F79EFBC}") = "ConectarDatos", "..\ConectarDatos\ConectarDatos.csproj", "{CB518432-6361-4DF2-BEFC-940507FC5413}"
EndProject
Global
	GlobalSection(SolutionConfigurationPlatforms) = preSolution
		Debug|Any CPU = Debug|Any CPU
		Release|Any CPU = Release|Any CPU
	EndGlobalSection
	GlobalSection(ProjectConfigurationPlatforms) = postSolution
		{3298532F-BB1B-4A53-A479-62987746BBCF}.Debug|Any CPU.ActiveCfg = Debug|Any CPU
		{3298532F-BB1B-4A53-A479-62987746BBCF}.Debug|Any CPU.Build.0 = Debug|Any CPU
		{3298532F-BB1B-4A53-A479-62987746BBCF}.Release|Any CPU.ActiveCfg = Release|Any CPU
		{3298532F-BB1B-4A53-A479-62987746BBCF}.Release|Any CPU.Build.0 = Release|Any CPU
		{CB518432-6361-4DF2-BEFC-940507FC5413}.Debug|Any CPU.ActiveCfg = Debug|Any CPU
		{CB518432-6361-4DF2-BEFC-940507FC5413}.Debug|Any CPU.Build.0 = Debug|Any CPU
		{CB518432-6361-4DF2-BEFC-940507FC5413}.Release|Any CPU.ActiveCfg = Release|Any CPU
		{CB518432-6361-4DF2-BEFC-940507FC5413}.Release|Any CPU.Build.0 = Release|Any CPU
	EndGlobalSection
	GlobalSection(SolutionProperties) = preSolution
		HideSolutionNode = FALSE
	EndGlobalSection
	GlobalSection(ExtensibilityGlobals) = postSolution
		SolutionGuid = {AC094472-3887-45BA-944D-386C6A6EB9D8}
	EndGlobalSection
EndGlobal
